
Microsoft Visual Studio Solution File, Format Version 12.00
# Visual Studio Version 17
VisualStudioVersion = 17.8.34408.163
MinimumVisualStudioVersion = 10.0.40219.1
Project("{FAE04EC0-301F-11D3-BF4B-00C04F79EFBC}") = "HW_PrototypePattern", "HW_PrototypePattern.csproj", "{A38AC50A-8DDF-428A-947E-50588782EEAB}"
EndProject
Global
	GlobalSection(SolutionConfigurationPlatforms) = preSolution
		Debug|Any CPU = Debug|Any CPU
		Release|Any CPU = Release|Any CPU
	EndGlobalSection
	GlobalSection(ProjectConfigurationPlatforms) = postSolution
		{A38AC50A-8DDF-428A-947E-50588782EEAB}.Debug|Any CPU.ActiveCfg = Debug|Any CPU
		{A38AC50A-8DDF-428A-947E-50588782EEAB}.Debug|Any CPU.Build.0 = Debug|Any CPU
		{A38AC50A-8DDF-428A-947E-50588782EEAB}.Release|Any CPU.ActiveCfg = Release|Any CPU
		{A38AC50A-8DDF-428A-947E-50588782EEAB}.Release|Any CPU.Build.0 = Release|Any CPU
	EndGlobalSection
	GlobalSection(SolutionProperties) = preSolution
		HideSolutionNode = FALSE
	EndGlobalSection
	GlobalSection(ExtensibilityGlobals) = postSolution
		SolutionGuid = {650C7C6E-AE6F-4829-8657-0A0BBE329CAC}
	EndGlobalSection
EndGlobal
